{
  "nodes": {
    "codex-nvim": {
      "flake": false,
      "locked": {
        "lastModified": 1763603761,
        "narHash": "sha256-hvBsqLzV3oCVWK4Ll/YDrDhZSTjpvUjTpDQz6SFbtVo=",
        "owner": "johnseth97",
        "repo": "codex.nvim",
        "rev": "e1149cbc875ff71ee21f8832b9fe815a270442b3",
        "type": "github"
      },
      "original": {
        "owner": "johnseth97",
        "repo": "codex.nvim",
        "type": "github"
      }
    },
    "darwin": {
      "inputs": {
        "nixpkgs": [
          "nixpkgs"
        ]
      },
      "locked": {
        "lastModified": 1781242433,
        "narHash": "sha256-bchLZZ3sRn740zyvD2icZSnNoTaanN0nw7l6fjVXO+E=",
        "owner": "nix-darwin",
        "repo": "nix-darwin",
        "rev": "aabb2037edfc0f210723b72cd5f528aab5dd3f0b",
        "type": "github"
      },
      "original": {
        "owner": "nix-darwin",
        "repo": "nix-darwin",
        "type": "github"
      }
    },
    "everforest": {
      "inputs": {
        "nixpkgs": "nixpkgs"
      },
      "locked": {
        "lastModified": 1772169248,
        "narHash": "sha256-To/8v6Wxbb5gP3oAJHl+ndfKWM9/VqBGvLrNixJy68w=",
        "owner": "akinoyuiko",
        "repo": "everforest-nix",
        "rev": "25c6f71e60cfb321863def6d8aa53a7accc38303",
        "type": "github"
      },
      "original": {
        "owner": "akinoyuiko",
        "repo": "everforest-nix",
        "type": "github"
      }
    },
    "home-manager": {
      "inputs": {
        "nixpkgs": [
          "nixpkgs"
        ]
      },
      "locked": {
        "lastModified": 1781365335,
        "narHash": "sha256-zqDBhXMzfbdlO7F2bGHe7MOtB3xngd/+4ieMHDC+ZXo=",
        "owner": "nix-community",
        "repo": "home-manager",
        "rev": "5b6f5733726a1b2ccafb5dec6ac4ca7299fad66c",
        "type": "github"
      },
      "original": {
        "owner": "nix-community",
        "repo": "home-manager",
        "type": "github"
      }
    },
    "nixpkgs": {
      "locked": {
        "lastModified": 1744098102,
        "narHash": "sha256-tzCdyIJj9AjysC3OuKA+tMD/kDEDAF9mICPDU7ix0JA=",
        "owner": "NixOS",
        "repo": "nixpkgs",
        "rev": "c8cd81426f45942bb2906d5ed2fe21d2f19d95b7",
        "type": "github"
      },
      "original": {
        "owner": "NixOS",
        "ref": "nixos-unstable",
        "repo": "nixpkgs",
        "type": "github"
      }
    },
    "nixpkgs_3": {
      "locked": {
        "lastModified": 1781268102,
        "narHash": "sha256-Zn5KTggEmUB3lXn/ccERNcBdddE6IaOFber9dWViWDg=",
        "owner": "nixos",
        "repo": "nixpkgs",
        "rev": "49a4bd0573c376468dd7996ddb6f9fa31d8c4d97",
        "type": "github"
      },
      "original": {
        "owner": "nixos",
        "ref": "nixpkgs-unstable",
        "repo": "nixpkgs",
        "type": "github"
      }
    },
    "root": {
      "inputs": {
        "codex-nvim": "codex-nvim",
        "darwin": "darwin",
        "everforest": "everforest",
        "home-manager": "home-manager",
        "nixpkgs": "nixpkgs_3"
      }
    }
  },
  "root": "root",
  "version": 7
}
